schema: '2.0'
stages:
  data_ingestion:
    cmd: python src/data_ingestion.py
    deps:
    - path: src/data_ingestion.py
      hash: md5
      md5: 78b2262a96612fb096fc21cc18ae545e
      size: 2202
    outs:
    - path: data/raw/raw_data.csv
      hash: md5
      md5: 8a6ece8a7645c38f38eaaa47e1a76a2e
      size: 1292168
  preprocessing:
    cmd: python src/preprocessing.py
    deps:
    - path: data/raw/raw_data.csv
      hash: md5
      md5: 8a6ece8a7645c38f38eaaa47e1a76a2e
      size: 1292168
    - path: src/preprocessing.py
      hash: md5
      md5: 5379be7bf5093eb1c99ecb7cf7c56406
      size: 3245
    outs:
    - path: data/clean_data/clean_data1.csv
      hash: md5
      md5: f72e414ea3bd97b6da92847d666edcea
      size: 615126
  model:
    cmd: python src/model.py
    deps:
    - path: data/clean_data/clean_data1.csv
      hash: md5
      md5: f72e414ea3bd97b6da92847d666edcea
      size: 615126
    - path: src/model.py
      hash: md5
      md5: 9cb8f3001ac60d3499182b2375b3ff27
      size: 3256
    params:
      params.yaml:
        model.parameter:
          n_clusters: 8
          init: k-means++
          n_init: 10
          max_iter: 300
          tol: 1e-06
          verbose: 0
          random_state: 42
          copy_x: true
          algorithm: lloyd
        model.test_size: 0.3
    outs:
    - path: data/clean_data/x_test.csv
      hash: md5
      md5: 487c5c3fc6b083b135d967f1f63b48dd
      size: 182463
    - path: data/clean_data/x_train.csv
      hash: md5
      md5: 25108f9c469b6260c93ab0fbad0ac9df
      size: 425309
    - path: models/model.pkl
      hash: md5
      md5: b580b5c52cbd3c73ca5f9387b104bcc5
      size: 29181
