schema: '2.0'
stages:
  data_ingestion:
    cmd: python src/data_ingestion.py
    deps:
    - path: src/data_ingestion.py
      hash: md5
      md5: 78b2262a96612fb096fc21cc18ae545e
      size: 2202
    outs:
    - path: data/raw/raw_data.csv
      hash: md5
      md5: 8a6ece8a7645c38f38eaaa47e1a76a2e
      size: 1292168
  preprocessing:
    cmd: python src/preprocessing.py
    deps:
    - path: data/raw/raw_data.csv
      hash: md5
      md5: 8a6ece8a7645c38f38eaaa47e1a76a2e
      size: 1292168
    - path: src/preprocessing.py
      hash: md5
      md5: 5379be7bf5093eb1c99ecb7cf7c56406
      size: 3245
    outs:
    - path: data/clean_data/clean_data1.csv
      hash: md5
      md5: f72e414ea3bd97b6da92847d666edcea
      size: 615126
  model:
    cmd: python src/model.py
    deps:
    - path: data/clean_data/clean_data1.csv
      hash: md5
      md5: f72e414ea3bd97b6da92847d666edcea
      size: 615126
    - path: src/model.py
      hash: md5
      md5: be3e8cf997fc7d654fef15617173a0d9
      size: 2986
    outs:
    - path: data/clean_data/x_test.csv
      hash: md5
      md5: b1e67c1cb27f6c93c48d35f78b6d34c0
      size: 121623
    - path: data/clean_data/x_train.csv
      hash: md5
      md5: 5a0df2820311690912e6aa8173f64a3b
      size: 486149
    - path: models/model.pkl
      hash: md5
      md5: 4978666e6733745be744bfc93204dc29
      size: 33181
